// !$*UTF8*$!
{
	archiveVersion = 1;
	classes = {
	};
	objectVersion = 56;
	objects = {

/* Begin PBXBuildFile section */
		407A58982A2D7EC300DD03F3 /* SwitchAppsApp.swift in Sources */ = {isa = PBXBuildFile; fileRef = 407A58972A2D7EC300DD03F3 /* SwitchAppsApp.swift */; };
		407A589A2A2D7EC300DD03F3 /* ContentView.swift in Sources */ = {isa = PBXBuildFile; fileRef = 407A58992A2D7EC300DD03F3 /* ContentView.swift */; };
		407A589C2A2D7EC400DD03F3 /* Assets.xcassets in Resources */ = {isa = PBXBuildFile; fileRef = 407A589B2A2D7EC400DD03F3 /* Assets.xcassets */; };
		407A589F2A2D7EC400DD03F3 /* Preview Assets.xcassets in Resources */ = {isa = PBXBuildFile; fileRef = 407A589E2A2D7EC400DD03F3 /* Preview Assets.xcassets */; };
		407A58A92A2D7EC400DD03F3 /* SwitchAppsTests.swift in Sources */ = {isa = PBXBuildFile; fileRef = 407A58A82A2D7EC400DD03F3 /* SwitchAppsTests.swift */; };
		407A58B32A2D7EC400DD03F3 /* SwitchAppsUITests.swift in Sources */ = {isa = PBXBuildFile; fileRef = 407A58B22A2D7EC400DD03F3 /* SwitchAppsUITests.swift */; };
		407A58B52A2D7EC400DD03F3 /* SwitchAppsUITestsLaunchTests.swift in Sources */ = {isa = PBXBuildFile; fileRef = 407A58B42A2D7EC400DD03F3 /* SwitchAppsUITestsLaunchTests.swift */; };
		407A58C22A2EF89D00DD03F3 /* NavigationStackView.swift in Sources */ = {isa = PBXBuildFile; fileRef = 407A58C12A2EF89D00DD03F3 /* NavigationStackView.swift */; };
		407A58C42A2EFE7700DD03F3 /* Data.swift in Sources */ = {isa = PBXBuildFile; fileRef = 407A58C32A2EFE7700DD03F3 /* Data.swift */; };
		407A58C62A2F130D00DD03F3 /* MessageView.swift in Sources */ = {isa = PBXBuildFile; fileRef = 407A58C52A2F130D00DD03F3 /* MessageView.swift */; };
		407A58C82A2F15A500DD03F3 /* MenuView.swift in Sources */ = {isa = PBXBuildFile; fileRef = 407A58C72A2F15A500DD03F3 /* MenuView.swift */; };
		407A58CA2A2F494300DD03F3 /* ChartView.swift in Sources */ = {isa = PBXBuildFile; fileRef = 407A58C92A2F494300DD03F3 /* ChartView.swift */; };
		407A58CC2A2F524A00DD03F3 /* RadialLayoutView.swift in Sources */ = {isa = PBXBuildFile; fileRef = 407A58CB2A2F524A00DD03F3 /* RadialLayoutView.swift */; };
/* End PBXBuildFile section */

/* Begin PBXContainerItemProxy section */
		407A58A52A2D7EC400DD03F3 /* PBXContainerItemProxy */ = {
			isa = PBXContainerItemProxy;
			containerPortal = 407A588C2A2D7EC300DD03F3 /* Project object */;
			proxyType = 1;
			remoteGlobalIDString = 407A58932A2D7EC300DD03F3;
			remoteInfo = SwitchApps;
		};
		407A58AF2A2D7EC400DD03F3 /* PBXContainerItemProxy */ = {
			isa = PBXContainerItemProxy;
			containerPortal = 407A588C2A2D7EC300DD03F3 /* Project object */;
			proxyType = 1;
			remoteGlobalIDString = 407A58932A2D7EC300DD03F3;
			remoteInfo = SwitchApps;
		};
/* End PBXContainerItemProxy section */

/* Begin PBXFileReference section */
		407A58942A2D7EC300DD03F3 /* SwitchApps.app */ = {isa = PBXFileReference; explicitFileType = wrapper.application; includeInIndex = 0; path = SwitchApps.app; sourceTree = BUILT_PRODUCTS_DIR; };
		407A58972A2D7EC300DD03F3 /* SwitchAppsApp.swift */ = {isa = PBXFileReference; lastKnownFileType = sourcecode.swift; path = SwitchAppsApp.swift; sourceTree = "<group>"; };
		407A58992A2D7EC300DD03F3 /* ContentView.swift */ = {isa = PBXFileReference; lastKnownFileType = sourcecode.swift; path = ContentView.swift; sourceTree = "<group>"; };
		407A589B2A2D7EC400DD03F3 /* Assets.xcassets */ = {isa = PBXFileReference; lastKnownFileType = folder.assetcatalog; path = Assets.xcassets; sourceTree = "<group>"; };
		407A589E2A2D7EC400DD03F3 /* Preview Assets.xcassets */ = {isa = PBXFileReference; lastKnownFileType = folder.assetcatalog; path = "Preview Assets.xcassets"; sourceTree = "<group>"; };
		407A58A42A2D7EC400DD03F3 /* SwitchAppsTests.xctest */ = {isa = PBXFileReference; explicitFileType = wrapper.cfbundle; includeInIndex = 0; path = SwitchAppsTests.xctest; sourceTree = BUILT_PRODUCTS_DIR; };
		407A58A82A2D7EC400DD03F3 /* SwitchAppsTests.swift */ = {isa = PBXFileReference; lastKnownFileType = sourcecode.swift; path = SwitchAppsTests.swift; sourceTree = "<group>"; };
		407A58AE2A2D7EC400DD03F3 /* SwitchAppsUITests.xctest */ = {isa = PBXFileReference; explicitFileType = wrapper.cfbundle; includeInIndex = 0; path = SwitchAppsUITests.xctest; sourceTree = BUILT_PRODUCTS_DIR; };
		407A58B22A2D7EC400DD03F3 /* SwitchAppsUITests.swift */ = {isa = PBXFileReference; lastKnownFileType = sourcecode.swift; path = SwitchAppsUITests.swift; sourceTree = "<group>"; };
		407A58B42A2D7EC400DD03F3 /* SwitchAppsUITestsLaunchTests.swift */ = {isa = PBXFileReference; lastKnownFileType = sourcecode.swift; path = SwitchAppsUITestsLaunchTests.swift; sourceTree = "<group>"; };
		407A58C12A2EF89D00DD03F3 /* NavigationStackView.swift */ = {isa = PBXFileReference; lastKnownFileType = sourcecode.swift; path = NavigationStackView.swift; sourceTree = "<group>"; };
		407A58C32A2EFE7700DD03F3 /* Data.swift */ = {isa = PBXFileReference; lastKnownFileType = sourcecode.swift; path = Data.swift; sourceTree = "<group>"; };
		407A58C52A2F130D00DD03F3 /* MessageView.swift */ = {isa = PBXFileReference; lastKnownFileType = sourcecode.swift; path = MessageView.swift; sourceTree = "<group>"; };
		407A58C72A2F15A500DD03F3 /* MenuView.swift */ = {isa = PBXFileReference; lastKnownFileType = sourcecode.swift; path = MenuView.swift; sourceTree = "<group>"; };
		407A58C92A2F494300DD03F3 /* ChartView.swift */ = {isa = PBXFileReference; lastKnownFileType = sourcecode.swift; path = ChartView.swift; sourceTree = "<group>"; };
		407A58CB2A2F524A00DD03F3 /* RadialLayoutView.swift */ = {isa = PBXFileReference; lastKnownFileType = sourcecode.swift; path = RadialLayoutView.swift; sourceTree = "<group>"; };
/* End PBXFileReference section */

/* Begin PBXFrameworksBuildPhase section */
		407A58912A2D7EC300DD03F3 /* Frameworks */ = {
			isa = PBXFrameworksBuildPhase;
			buildActionMask = 2147483647;
			files = (
			);
			runOnlyForDeploymentPostprocessing = 0;
		};
		407A58A12A2D7EC400DD03F3 /* Frameworks */ = {
			isa = PBXFrameworksBuildPhase;
			buildActionMask = 2147483647;
			files = (
			);
			runOnlyForDeploymentPostprocessing = 0;
		};
		407A58AB2A2D7EC400DD03F3 /* Frameworks */ = {
			isa = PBXFrameworksBuildPhase;
			buildActionMask = 2147483647;
			files = (
			);
			runOnlyForDeploymentPostprocessing = 0;
		};
/* End PBXFrameworksBuildPhase section */

/* Begin PBXGroup section */
		407A588B2A2D7EC300DD03F3 = {
			isa = PBXGroup;
			children = (
				407A58962A2D7EC300DD03F3 /* SwitchApps */,
				407A58A72A2D7EC400DD03F3 /* SwitchAppsTests */,
				407A58B12A2D7EC400DD03F3 /* SwitchAppsUITests */,
				407A58952A2D7EC300DD03F3 /* Products */,
			);
			sourceTree = "<group>";
		};
		407A58952A2D7EC300DD03F3 /* Products */ = {
			isa = PBXGroup;
			children = (
				407A58942A2D7EC300DD03F3 /* SwitchApps.app */,
				407A58A42A2D7EC400DD03F3 /* SwitchAppsTests.xctest */,
				407A58AE2A2D7EC400DD03F3 /* SwitchAppsUITests.xctest */,
			);
			name = Products;
			sourceTree = "<group>";
		};
		407A58962A2D7EC300DD03F3 /* SwitchApps */ = {
			isa = PBXGroup;
			children = (
				407A58972A2D7EC300DD03F3 /* SwitchAppsApp.swift */,
				407A58992A2D7EC300DD03F3 /* ContentView.swift */,
				407A58C72A2F15A500DD03F3 /* MenuView.swift */,
				407A58C52A2F130D00DD03F3 /* MessageView.swift */,
				407A58C12A2EF89D00DD03F3 /* NavigationStackView.swift */,
				407A58C32A2EFE7700DD03F3 /* Data.swift */,
				407A58C92A2F494300DD03F3 /* ChartView.swift */,
				407A589B2A2D7EC400DD03F3 /* Assets.xcassets */,
				407A589D2A2D7EC400DD03F3 /* Preview Content */,
				407A58CB2A2F524A00DD03F3 /* RadialLayoutView.swift */,
			);
			path = SwitchApps;
			sourceTree = "<group>";
		};
		407A589D2A2D7EC400DD03F3 /* Preview Content */ = {
			isa = PBXGroup;
			children = (
				407A589E2A2D7EC400DD03F3 /* Preview Assets.xcassets */,
			);
			path = "Preview Content";
			sourceTree = "<group>";
		};
		407A58A72A2D7EC400DD03F3 /* SwitchAppsTests */ = {
			isa = PBXGroup;
			children = (
				407A58A82A2D7EC400DD03F3 /* SwitchAppsTests.swift */,
			);
			path = SwitchAppsTests;
			sourceTree = "<group>";
		};
		407A58B12A2D7EC400DD03F3 /* SwitchAppsUITests */ = {
			isa = PBXGroup;
			children = (
				407A58B22A2D7EC400DD03F3 /* SwitchAppsUITests.swift */,
				407A58B42A2D7EC400DD03F3 /* SwitchAppsUITestsLaunchTests.swift */,
			);
			path = SwitchAppsUITests;
			sourceTree = "<group>";
		};
/* End PBXGroup section */

/* Begin PBXNativeTarget section */
		407A58932A2D7EC300DD03F3 /* SwitchApps */ = {
			isa = PBXNativeTarget;
			buildConfigurationList = 407A58B82A2D7EC400DD03F3 /* Build configuration list for PBXNativeTarget "SwitchApps" */;
			buildPhases = (
				407A58902A2D7EC300DD03F3 /* Sources */,
				407A58912A2D7EC300DD03F3 /* Frameworks */,
				407A58922A2D7EC300DD03F3 /* Resources */,
			);
			buildRules = (
			);
			dependencies = (
			);
			name = SwitchApps;
			productName = SwitchApps;
			productReference = 407A58942A2D7EC300DD03F3 /* SwitchApps.app */;
			productType = "com.apple.product-type.application";
		};
		407A58A32A2D7EC400DD03F3 /* SwitchAppsTests */ = {
			isa = PBXNativeTarget;
			buildConfigurationList = 407A58BB2A2D7EC400DD03F3 /* Build configuration list for PBXNativeTarget "SwitchAppsTests" */;
			buildPhases = (
				407A58A02A2D7EC400DD03F3 /* Sources */,
				407A58A12A2D7EC400DD03F3 /* Frameworks */,
				407A58A22A2D7EC400DD03F3 /* Resources */,
			);
			buildRules = (
			);
			dependencies = (
				407A58A62A2D7EC400DD03F3 /* PBXTargetDependency */,
			);
			name = SwitchAppsTests;
			productName = SwitchAppsTests;
			productReference = 407A58A42A2D7EC400DD03F3 /* SwitchAppsTests.xctest */;
			productType = "com.apple.product-type.bundle.unit-test";
		};
		407A58AD2A2D7EC400DD03F3 /* SwitchAppsUITests */ = {
			isa = PBXNativeTarget;
			buildConfigurationList = 407A58BE2A2D7EC400DD03F3 /* Build configuration list for PBXNativeTarget "SwitchAppsUITests" */;
			buildPhases = (
				407A58AA2A2D7EC400DD03F3 /* Sources */,
				407A58AB2A2D7EC400DD03F3 /* Frameworks */,
				407A58AC2A2D7EC400DD03F3 /* Resources */,
			);
			buildRules = (
			);
			dependencies = (
				407A58B02A2D7EC400DD03F3 /* PBXTargetDependency */,
			);
			name = SwitchAppsUITests;
			productName = SwitchAppsUITests;
			productReference = 407A58AE2A2D7EC400DD03F3 /* SwitchAppsUITests.xctest */;
			productType = "com.apple.product-type.bundle.ui-testing";
		};
/* End PBXNativeTarget section */

/* Begin PBXProject section */
		407A588C2A2D7EC300DD03F3 /* Project object */ = {
			isa = PBXProject;
			attributes = {
				BuildIndependentTargetsInParallel = 1;
				LastSwiftUpdateCheck = 1430;
				LastUpgradeCheck = 1430;
				TargetAttributes = {
					407A58932A2D7EC300DD03F3 = {
						CreatedOnToolsVersion = 14.3.1;
					};
					407A58A32A2D7EC400DD03F3 = {
						CreatedOnToolsVersion = 14.3.1;
						TestTargetID = 407A58932A2D7EC300DD03F3;
					};
					407A58AD2A2D7EC400DD03F3 = {
						CreatedOnToolsVersion = 14.3.1;
						TestTargetID = 407A58932A2D7EC300DD03F3;
					};
				};
			};
			buildConfigurationList = 407A588F2A2D7EC300DD03F3 /* Build configuration list for PBXProject "SwitchApps" */;
			compatibilityVersion = "Xcode 14.0";
			developmentRegion = en;
			hasScannedForEncodings = 0;
			knownRegions = (
				en,
				Base,
			);
			mainGroup = 407A588B2A2D7EC300DD03F3;
			productRefGroup = 407A58952A2D7EC300DD03F3 /* Products */;
			projectDirPath = "";
			projectRoot = "";
			targets = (
				407A58932A2D7EC300DD03F3 /* SwitchApps */,
				407A58A32A2D7EC400DD03F3 /* SwitchAppsTests */,
				407A58AD2A2D7EC400DD03F3 /* SwitchAppsUITests */,
			);
		};
/* End PBXProject section */

/* Begin PBXResourcesBuildPhase section */
		407A58922A2D7EC300DD03F3 /* Resources */ = {
			isa = PBXResourcesBuildPhase;
			buildActionMask = 2147483647;
			files = (
				407A589F2A2D7EC400DD03F3 /* Preview Assets.xcassets in Resources */,
				407A589C2A2D7EC400DD03F3 /* Assets.xcassets in Resources */,
			);
			runOnlyForDeploymentPostprocessing = 0;
		};
		407A58A22A2D7EC400DD03F3 /* Resources */ = {
			isa = PBXResourcesBuildPhase;
			buildActionMask = 2147483647;
			files = (
			);
			runOnlyForDeploymentPostprocessing = 0;
		};
		407A58AC2A2D7EC400DD03F3 /* Resources */ = {
			isa = PBXResourcesBuildPhase;
			buildActionMask = 2147483647;
			files = (
			);
			runOnlyForDeploymentPostprocessing = 0;
		};
/* End PBXResourcesBuildPhase section */

/* Begin PBXSourcesBuildPhase section */
		407A58902A2D7EC300DD03F3 /* Sources */ = {
			isa = PBXSourcesBuildPhase;
			buildActionMask = 2147483647;
			files = (
				407A589A2A2D7EC300DD03F3 /* ContentView.swift in Sources */,
				407A58C82A2F15A500DD03F3 /* MenuView.swift in Sources */,
				407A58C22A2EF89D00DD03F3 /* NavigationStackView.swift in Sources */,
				407A58CA2A2F494300DD03F3 /* ChartView.swift in Sources */,
				407A58982A2D7EC300DD03F3 /* SwitchAppsApp.swift in Sources */,
				407A58C42A2EFE7700DD03F3 /* Data.swift in Sources */,
				407A58C62A2F130D00DD03F3 /* MessageView.swift in Sources */,
				407A58CC2A2F524A00DD03F3 /* RadialLayoutView.swift in Sources */,
			);
			runOnlyForDeploymentPostprocessing = 0;
		};
		407A58A02A2D7EC400DD03F3 /* Sources */ = {
			isa = PBXSourcesBuildPhase;
			buildActionMask = 2147483647;
			files = (
				407A58A92A2D7EC400DD03F3 /* SwitchAppsTests.swift in Sources */,
			);
			runOnlyForDeploymentPostprocessing = 0;
		};
		407A58AA2A2D7EC400DD03F3 /* Sources */ = {
			isa = PBXSourcesBuildPhase;
			buildActionMask = 2147483647;
			files = (
				407A58B52A2D7EC400DD03F3 /* SwitchAppsUITestsLaunchTests.swift in Sources */,
				407A58B32A2D7EC400DD03F3 /* SwitchAppsUITests.swift in Sources */,
			);
			runOnlyForDeploymentPostprocessing = 0;
		};
/* End PBXSourcesBuildPhase section */

/* Begin PBXTargetDependency section */
		407A58A62A2D7EC400DD03F3 /* PBXTargetDependency */ = {
			isa = PBXTargetDependency;
			target = 407A58932A2D7EC300DD03F3 /* SwitchApps */;
			targetProxy = 407A58A52A2D7EC400DD03F3 /* PBXContainerItemProxy */;
		};
		407A58B02A2D7EC400DD03F3 /* PBXTargetDependency */ = {
			isa = PBXTargetDependency;
			target = 407A58932A2D7EC300DD03F3 /* SwitchApps */;
			targetProxy = 407A58AF2A2D7EC400DD03F3 /* PBXContainerItemProxy */;
		};
/* End PBXTargetDependency section */

/* Begin XCBuildConfiguration section */
		407A58B62A2D7EC400DD03F3 /* Debug */ = {
			isa = XCBuildConfiguration;
			buildSettings = {
				ALWAYS_SEARCH_USER_PATHS = NO;
				CLANG_ANALYZER_NONNULL = YES;
				CLANG_ANALYZER_NUMBER_OBJECT_CONVERSION = YES_AGGRESSIVE;
				CLANG_CXX_LANGUAGE_STANDARD = "gnu++20";
				CLANG_ENABLE_MODULES = YES;
				CLANG_ENABLE_OBJC_ARC = YES;
				CLANG_ENABLE_OBJC_WEAK = YES;
				CLANG_WARN_BLOCK_CAPTURE_AUTORELEASING = YES;
				CLANG_WARN_BOOL_CONVERSION = YES;
				CLANG_WARN_COMMA = YES;
				CLANG_WARN_CONSTANT_CONVERSION = YES;
				CLANG_WARN_DEPRECATED_OBJC_IMPLEMENTATIONS = YES;
				CLANG_WARN_DIRECT_OBJC_ISA_USAGE = YES_ERROR;
				CLANG_WARN_DOCUMENTATION_COMMENTS = YES;
				CLANG_WARN_EMPTY_BODY = YES;
				CLANG_WARN_ENUM_CONVERSION = YES;
				CLANG_WARN_INFINITE_RECURSION = YES;
				CLANG_WARN_INT_CONVERSION = YES;
				CLANG_WARN_NON_LITERAL_NULL_CONVERSION = YES;
				CLANG_WARN_OBJC_IMPLICIT_RETAIN_SELF = YES;
				CLANG_WARN_OBJC_LITERAL_CONVERSION = YES;
				CLANG_WARN_OBJC_ROOT_CLASS = YES_ERROR;
				CLANG_WARN_QUOTED_INCLUDE_IN_FRAMEWORK_HEADER = YES;
				CLANG_WARN_RANGE_LOOP_ANALYSIS = YES;
				CLANG_WARN_STRICT_PROTOTYPES = YES;
				CLANG_WARN_SUSPICIOUS_MOVE = YES;
				CLANG_WARN_UNGUARDED_AVAILABILITY = YES_AGGRESSIVE;
				CLANG_WARN_UNREACHABLE_CODE = YES;
				CLANG_WARN__DUPLICATE_METHOD_MATCH = YES;
				COPY_PHASE_STRIP = NO;
				DEBUG_INFORMATION_FORMAT = dwarf;
				ENABLE_STRICT_OBJC_MSGSEND = YES;
				ENABLE_TESTABILITY = YES;
				GCC_C_LANGUAGE_STANDARD = gnu11;
				GCC_DYNAMIC_NO_PIC = NO;
				GCC_NO_COMMON_BLOCKS = YES;
				GCC_OPTIMIZATION_LEVEL = 0;
				GCC_PREPROCESSOR_DEFINITIONS = (
					"DEBUG=1",
					"$(inherited)",
				);
				GCC_WARN_64_TO_32_BIT_CONVERSION = YES;
				GCC_WARN_ABOUT_RETURN_TYPE = YES_ERROR;
				GCC_WARN_UNDECLARED_SELECTOR = YES;
				GCC_WARN_UNINITIALIZED_AUTOS = YES_AGGRESSIVE;
				GCC_WARN_UNUSED_FUNCTION = YES;
				GCC_WARN_UNUSED_VARIABLE = YES;
				IPHONEOS_DEPLOYMENT_TARGET = 16.4;
				MTL_ENABLE_DEBUG_INFO = INCLUDE_SOURCE;
				MTL_FAST_MATH = YES;
				ONLY_ACTIVE_ARCH = YES;
				SDKROOT = iphoneos;
				SWIFT_ACTIVE_COMPILATION_CONDITIONS = DEBUG;
				SWIFT_OPTIMIZATION_LEVEL = "-Onone";
			};
			name = Debug;
		};
		407A58B72A2D7EC400DD03F3 /* Release */ = {
			isa = XCBuildConfiguration;
			buildSettings = {
				ALWAYS_SEARCH_USER_PATHS = NO;
				CLANG_ANALYZER_NONNULL = YES;
				CLANG_ANALYZER_NUMBER_OBJECT_CONVERSION = YES_AGGRESSIVE;
				CLANG_CXX_LANGUAGE_STANDARD = "gnu++20";
				CLANG_ENABLE_MODULES = YES;
				CLANG_ENABLE_OBJC_ARC = YES;
				CLANG_ENABLE_OBJC_WEAK = YES;
				CLANG_WARN_BLOCK_CAPTURE_AUTORELEASING = YES;
				CLANG_WARN_BOOL_CONVERSION = YES;
				CLANG_WARN_COMMA = YES;
				CLANG_WARN_CONSTANT_CONVERSION = YES;
				CLANG_WARN_DEPRECATED_OBJC_IMPLEMENTATIONS = YES;
				CLANG_WARN_DIRECT_OBJC_ISA_USAGE = YES_ERROR;
				CLANG_WARN_DOCUMENTATION_COMMENTS = YES;
				CLANG_WARN_EMPTY_BODY = YES;
				CLANG_WARN_ENUM_CONVERSION = YES;
				CLANG_WARN_INFINITE_RECURSION = YES;
				CLANG_WARN_INT_CONVERSION = YES;
				CLANG_WARN_NON_LITERAL_NULL_CONVERSION = YES;
				CLANG_WARN_OBJC_IMPLICIT_RETAIN_SELF = YES;
				CLANG_WARN_OBJC_LITERAL_CONVERSION = YES;
				CLANG_WARN_OBJC_ROOT_CLASS = YES_ERROR;
				CLANG_WARN_QUOTED_INCLUDE_IN_FRAMEWORK_HEADER = YES;
				CLANG_WARN_RANGE_LOOP_ANALYSIS = YES;
				CLANG_WARN_STRICT_PROTOTYPES = YES;
				CLANG_WARN_SUSPICIOUS_MOVE = YES;
				CLANG_WARN_UNGUARDED_AVAILABILITY = YES_AGGRESSIVE;
				CLANG_WARN_UNREACHABLE_CODE = YES;
				CLANG_WARN__DUPLICATE_METHOD_MATCH = YES;
				COPY_PHASE_STRIP = NO;
				DEBUG_INFORMATION_FORMAT = "dwarf-with-dsym";
				ENABLE_NS_ASSERTIONS = NO;
				ENABLE_STRICT_OBJC_MSGSEND = YES;
				GCC_C_LANGUAGE_STANDARD = gnu11;
				GCC_NO_COMMON_BLOCKS = YES;
				GCC_WARN_64_TO_32_BIT_CONVERSION = YES;
				GCC_WARN_ABOUT_RETURN_TYPE = YES_ERROR;
				GCC_WARN_UNDECLARED_SELECTOR = YES;
				GCC_WARN_UNINITIALIZED_AUTOS = YES_AGGRESSIVE;
				GCC_WARN_UNUSED_FUNCTION = YES;
				GCC_WARN_UNUSED_VARIABLE = YES;
				IPHONEOS_DEPLOYMENT_TARGET = 16.4;
				MTL_ENABLE_DEBUG_INFO = NO;
				MTL_FAST_MATH = YES;
				SDKROOT = iphoneos;
				SWIFT_COMPILATION_MODE = wholemodule;
				SWIFT_OPTIMIZATION_LEVEL = "-O";
				VALIDATE_PRODUCT = YES;
			};
			name = Release;
		};
		407A58B92A2D7EC400DD03F3 /* Debug */ = {
			isa = XCBuildConfiguration;
			buildSettings = {
				ASSETCATALOG_COMPILER_APPICON_NAME = AppIcon;
				ASSETCATALOG_COMPILER_GLOBAL_ACCENT_COLOR_NAME = AccentColor;
				CODE_SIGN_STYLE = Automatic;
				CURRENT_PROJECT_VERSION = 1;
				DEVELOPMENT_ASSET_PATHS = "\"SwitchApps/Preview Content\"";
				ENABLE_PREVIEWS = YES;
				GENERATE_INFOPLIST_FILE = YES;
				INFOPLIST_KEY_UIApplicationSceneManifest_Generation = YES;
				INFOPLIST_KEY_UIApplicationSupportsIndirectInputEvents = YES;
				INFOPLIST_KEY_UILaunchScreen_Generation = YES;
				INFOPLIST_KEY_UISupportedInterfaceOrientations_iPad = "UIInterfaceOrientationPortrait UIInterfaceOrientationPortraitUpsideDown UIInterfaceOrientationLandscapeLeft UIInterfaceOrientationLandscapeRight";
				INFOPLIST_KEY_UISupportedInterfaceOrientations_iPhone = "UIInterfaceOrientationPortrait UIInterfaceOrientationLandscapeLeft UIInterfaceOrientationLandscapeRight";
				LD_RUNPATH_SEARCH_PATHS = (
					"$(inherited)",
					"@executable_path/Frameworks",
				);
				MARKETING_VERSION = 1.0;
				PRODUCT_BUNDLE_IDENTIFIER = halu.SwitchApps;
				PRODUCT_NAME = "$(TARGET_NAME)";
				SWIFT_EMIT_LOC_STRINGS = YES;
				SWIFT_VERSION = 5.0;
				TARGETED_DEVICE_FAMILY = "1,2";
			};
			name = Debug;
		};
		407A58BA2A2D7EC400DD03F3 /* Release */ = {
			isa = XCBuildConfiguration;
			buildSettings = {
				ASSETCATALOG_COMPILER_APPICON_NAME = AppIcon;
				ASSETCATALOG_COMPILER_GLOBAL_ACCENT_COLOR_NAME = AccentColor;
				CODE_SIGN_STYLE = Automatic;
				CURRENT_PROJECT_VERSION = 1;
				DEVELOPMENT_ASSET_PATHS = "\"SwitchApps/Preview Content\"";
				ENABLE_PREVIEWS = YES;
				GENERATE_INFOPLIST_FILE = YES;
				INFOPLIST_KEY_UIApplicationSceneManifest_Generation = YES;
				INFOPLIST_KEY_UIApplicationSupportsIndirectInputEvents = YES;
				INFOPLIST_KEY_UILaunchScreen_Generation = YES;
				INFOPLIST_KEY_UISupportedInterfaceOrientations_iPad = "UIInterfaceOrientationPortrait UIInterfaceOrientationPortraitUpsideDown UIInterfaceOrientationLandscapeLeft UIInterfaceOrientationLandscapeRight";
				INFOPLIST_KEY_UISupportedInterfaceOrientations_iPhone = "UIInterfaceOrientationPortrait UIInterfaceOrientationLandscapeLeft UIInterfaceOrientationLandscapeRight";
				LD_RUNPATH_SEARCH_PATHS = (
					"$(inherited)",
					"@executable_path/Frameworks",
				);
				MARKETING_VERSION = 1.0;
				PRODUCT_BUNDLE_IDENTIFIER = halu.SwitchApps;
				PRODUCT_NAME = "$(TARGET_NAME)";
				SWIFT_EMIT_LOC_STRINGS = YES;
				SWIFT_VERSION = 5.0;
				TARGETED_DEVICE_FAMILY = "1,2";
			};
			name = Release;
		};
		407A58BC2A2D7EC400DD03F3 /* Debug */ = {
			isa = XCBuildConfiguration;
			buildSettings = {
				ALWAYS_EMBED_SWIFT_STANDARD_LIBRARIES = YES;
				BUNDLE_LOADER = "$(TEST_HOST)";
				CODE_SIGN_STYLE = Automatic;
				CURRENT_PROJECT_VERSION = 1;
				GENERATE_INFOPLIST_FILE = YES;
				IPHONEOS_DEPLOYMENT_TARGET = 16.4;
				MARKETING_VERSION = 1.0;
				PRODUCT_BUNDLE_IDENTIFIER = halu.SwitchAppsTests;
				PRODUCT_NAME = "$(TARGET_NAME)";
				SWIFT_EMIT_LOC_STRINGS = NO;
				SWIFT_VERSION = 5.0;
				TARGETED_DEVICE_FAMILY = "1,2";
				TEST_HOST = "$(BUILT_PRODUCTS_DIR)/SwitchApps.app/$(BUNDLE_EXECUTABLE_FOLDER_PATH)/SwitchApps";
			};
			name = Debug;
		};
		407A58BD2A2D7EC400DD03F3 /* Release */ = {
			isa = XCBuildConfiguration;
			buildSettings = {
				ALWAYS_EMBED_SWIFT_STANDARD_LIBRARIES = YES;
				BUNDLE_LOADER = "$(TEST_HOST)";
				CODE_SIGN_STYLE = Automatic;
				CURRENT_PROJECT_VERSION = 1;
				GENERATE_INFOPLIST_FILE = YES;
				IPHONEOS_DEPLOYMENT_TARGET = 16.4;
				MARKETING_VERSION = 1.0;
				PRODUCT_BUNDLE_IDENTIFIER = halu.SwitchAppsTests;
				PRODUCT_NAME = "$(TARGET_NAME)";
				SWIFT_EMIT_LOC_STRINGS = NO;
				SWIFT_VERSION = 5.0;
				TARGETED_DEVICE_FAMILY = "1,2";
				TEST_HOST = "$(BUILT_PRODUCTS_DIR)/SwitchApps.app/$(BUNDLE_EXECUTABLE_FOLDER_PATH)/SwitchApps";
			};
			name = Release;
		};
		407A58BF2A2D7EC400DD03F3 /* Debug */ = {
			isa = XCBuildConfiguration;
			buildSettings = {
				ALWAYS_EMBED_SWIFT_STANDARD_LIBRARIES = YES;
				CODE_SIGN_STYLE = Automatic;
				CURRENT_PROJECT_VERSION = 1;
				GENERATE_INFOPLIST_FILE = YES;
				MARKETING_VERSION = 1.0;
				PRODUCT_BUNDLE_IDENTIFIER = halu.SwitchAppsUITests;
				PRODUCT_NAME = "$(TARGET_NAME)";
				SWIFT_EMIT_LOC_STRINGS = NO;
				SWIFT_VERSION = 5.0;
				TARGETED_DEVICE_FAMILY = "1,2";
				TEST_TARGET_NAME = SwitchApps;
			};
			name = Debug;
		};
		407A58C02A2D7EC400DD03F3 /* Release */ = {
			isa = XCBuildConfiguration;
			buildSettings = {
				ALWAYS_EMBED_SWIFT_STANDARD_LIBRARIES = YES;
				CODE_SIGN_STYLE = Automatic;
				CURRENT_PROJECT_VERSION = 1;
				GENERATE_INFOPLIST_FILE = YES;
				MARKETING_VERSION = 1.0;
				PRODUCT_BUNDLE_IDENTIFIER = halu.SwitchAppsUITests;
				PRODUCT_NAME = "$(TARGET_NAME)";
				SWIFT_EMIT_LOC_STRINGS = NO;
				SWIFT_VERSION = 5.0;
				TARGETED_DEVICE_FAMILY = "1,2";
				TEST_TARGET_NAME = SwitchApps;
			};
			name = Release;
		};
/* End XCBuildConfiguration section */

/* Begin XCConfigurationList section */
		407A588F2A2D7EC300DD03F3 /* Build configuration list for PBXProject "SwitchApps" */ = {
			isa = XCConfigurationList;
			buildConfigurations = (
				407A58B62A2D7EC400DD03F3 /* Debug */,
				407A58B72A2D7EC400DD03F3 /* Release */,
			);
			defaultConfigurationIsVisible = 0;
			defaultConfigurationName = Release;
		};
		407A58B82A2D7EC400DD03F3 /* Build configuration list for PBXNativeTarget "SwitchApps" */ = {
			isa = XCConfigurationList;
			buildConfigurations = (
				407A58B92A2D7EC400DD03F3 /* Debug */,
				407A58BA2A2D7EC400DD03F3 /* Release */,
			);
			defaultConfigurationIsVisible = 0;
			defaultConfigurationName = Release;
		};
		407A58BB2A2D7EC400DD03F3 /* Build configuration list for PBXNativeTarget "SwitchAppsTests" */ = {
			isa = XCConfigurationList;
			buildConfigurations = (
				407A58BC2A2D7EC400DD03F3 /* Debug */,
				407A58BD2A2D7EC400DD03F3 /* Release */,
			);
			defaultConfigurationIsVisible = 0;
			defaultConfigurationName = Release;
		};
		407A58BE2A2D7EC400DD03F3 /* Build configuration list for PBXNativeTarget "SwitchAppsUITests" */ = {
			isa = XCConfigurationList;
			buildConfigurations = (
				407A58BF2A2D7EC400DD03F3 /* Debug */,
				407A58C02A2D7EC400DD03F3 /* Release */,
			);
			defaultConfigurationIsVisible = 0;
			defaultConfigurationName = Release;
		};
/* End XCConfigurationList section */
	};
	rootObject = 407A588C2A2D7EC300DD03F3 /* Project object */;
}
